Microsoft Visual Studio Solution File, Format Version 12.00
# Visual Studio Version 17
VisualStudioVersion = 17.8.34408.163
MinimumVisualStudioVersion = 10.0.40219.1
Project("{9A19103F-16F7-4668-BE54-9A1E7A4F7556}") = "LegacyWrapper.Executor.x86", "LegacyWrapper.Executor.x86\LegacyWrapper.Executor.x86.csproj", "{B7665A68-F19C-4539-9FE1-06B14BA774E3}"
EndProject
Project("{9A19103F-16F7-4668-BE54-9A1E7A4F7556}") = "LegacyWrapper.Executor.x64", "LegacyWrapper.Executor.x64\LegacyWrapper.Executor.x64.csproj", "{91DF95E2-014E-406B-8EBA-98C6B50F9840}"
EndProject
Project("{2150E333-8FDC-42A3-9474-1A3956D46DE8}") = "Solution Items", "Solution Items", "{22EB660B-6C72-4378-BF0C-D8A85E0D33B3}"
	ProjectSection(SolutionItems) = preProject
		Changelog.md = Changelog.md
		GlobalAssemblyInfo.cs = GlobalAssemblyInfo.cs
		LICENSE = LICENSE
		Readme.md = Readme.md
	EndProjectSection
EndProject
Project("{8BC9CEB8-8B4A-11D0-8D11-00A0C91BC942}") = "LegacyWrapperTestDll", "LegacyWrapperTestDll\LegacyWrapperTestDll.vcxproj", "{E53A4D07-C345-4C92-B1B6-F0E72BA7262E}"
EndProject
Project("{9A19103F-16F7-4668-BE54-9A1E7A4F7556}") = "LegacyWrapper.Executor.Core", "LegacyWrapper.Executor.Core\LegacyWrapper.Executor.Core.csproj", "{17758936-6BBB-4BB3-BF4B-F75C5033A179}"
EndProject
Project("{FAE04EC0-301F-11D3-BF4B-00C04F79EFBC}") = "LegacyWrapper.Executor.ARM64", "LegacyWrapper.Executor.ARM64\LegacyWrapper.Executor.ARM64.csproj", "{F511559D-4ED3-4B3F-9CFF-7AA7ED2B91F9}"
EndProject
Project("{FAE04EC0-301F-11D3-BF4B-00C04F79EFBC}") = "LegacyWrapper.Executor.ARM32", "LegacyWrapper.Executor.ARM32\LegacyWrapper.Executor.ARM32.csproj", "{EF24C232-0E80-47D3-A976-2378F04EFDE2}"
EndProject
Project("{FAE04EC0-301F-11D3-BF4B-00C04F79EFBC}") = "LegacyWrapper.Common.Net8", "LegacyWrapper.Common\LegacyWrapper.Common.Net8.csproj", "{6ED803CE-DC8D-4EA6-871F-5061F1B6E192}"
EndProject
Project("{FAE04EC0-301F-11D3-BF4B-00C04F79EFBC}") = "LegacyWrapper.Common.Tests", "LegacyWrapper.Common.Tests\LegacyWrapper.Common.Tests.csproj", "{E53EF2C0-4925-4390-B232-67B08BBC734E}"
EndProject
Global
	GlobalSection(SolutionConfigurationPlatforms) = preSolution
		Debug|Any CPU = Debug|Any CPU
		Debug|x64 = Debug|x64
		Debug|x86 = Debug|x86
		Release|Any CPU = Release|Any CPU
		Release|x64 = Release|x64
		Release|x86 = Release|x86
	EndGlobalSection
	GlobalSection(ProjectConfigurationPlatforms) = postSolution
		{B7665A68-F19C-4539-9FE1-06B14BA774E3}.Debug|Any CPU.ActiveCfg = Debug|Any CPU
		{B7665A68-F19C-4539-9FE1-06B14BA774E3}.Debug|Any CPU.Build.0 = Debug|Any CPU
		{B7665A68-F19C-4539-9FE1-06B14BA774E3}.Debug|x64.ActiveCfg = Debug|Any CPU
		{B7665A68-F19C-4539-9FE1-06B14BA774E3}.Debug|x64.Build.0 = Debug|Any CPU
		{B7665A68-F19C-4539-9FE1-06B14BA774E3}.Debug|x86.ActiveCfg = Debug|Any CPU
		{B7665A68-F19C-4539-9FE1-06B14BA774E3}.Debug|x86.Build.0 = Debug|Any CPU
		{B7665A68-F19C-4539-9FE1-06B14BA774E3}.Release|Any CPU.ActiveCfg = Release|Any CPU
		{B7665A68-F19C-4539-9FE1-06B14BA774E3}.Release|Any CPU.Build.0 = Release|Any CPU
		{B7665A68-F19C-4539-9FE1-06B14BA774E3}.Release|x64.ActiveCfg = Release|Any CPU
		{B7665A68-F19C-4539-9FE1-06B14BA774E3}.Release|x64.Build.0 = Release|Any CPU
		{B7665A68-F19C-4539-9FE1-06B14BA774E3}.Release|x86.ActiveCfg = Release|Any CPU
		{B7665A68-F19C-4539-9FE1-06B14BA774E3}.Release|x86.Build.0 = Release|Any CPU
		{91DF95E2-014E-406B-8EBA-98C6B50F9840}.Debug|Any CPU.ActiveCfg = Debug|Any CPU
		{91DF95E2-014E-406B-8EBA-98C6B50F9840}.Debug|Any CPU.Build.0 = Debug|Any CPU
		{91DF95E2-014E-406B-8EBA-98C6B50F9840}.Debug|x64.ActiveCfg = Debug|Any CPU
		{91DF95E2-014E-406B-8EBA-98C6B50F9840}.Debug|x64.Build.0 = Debug|Any CPU
		{91DF95E2-014E-406B-8EBA-98C6B50F9840}.Debug|x86.ActiveCfg = Debug|Any CPU
		{91DF95E2-014E-406B-8EBA-98C6B50F9840}.Debug|x86.Build.0 = Debug|Any CPU
		{91DF95E2-014E-406B-8EBA-98C6B50F9840}.Release|Any CPU.ActiveCfg = Release|Any CPU
		{91DF95E2-014E-406B-8EBA-98C6B50F9840}.Release|Any CPU.Build.0 = Release|Any CPU
		{91DF95E2-014E-406B-8EBA-98C6B50F9840}.Release|x64.ActiveCfg = Release|Any CPU
		{91DF95E2-014E-406B-8EBA-98C6B50F9840}.Release|x64.Build.0 = Release|Any CPU
		{91DF95E2-014E-406B-8EBA-98C6B50F9840}.Release|x86.ActiveCfg = Release|Any CPU
		{91DF95E2-014E-406B-8EBA-98C6B50F9840}.Release|x86.Build.0 = Release|Any CPU
		{CBBA289F-8E61-4FEA-8191-2794402C1333}.Debug|Any CPU.ActiveCfg = Debug|Any CPU
		{CBBA289F-8E61-4FEA-8191-2794402C1333}.Debug|Any CPU.Build.0 = Debug|Any CPU
		{CBBA289F-8E61-4FEA-8191-2794402C1333}.Debug|x64.ActiveCfg = Debug|Any CPU
		{CBBA289F-8E61-4FEA-8191-2794402C1333}.Debug|x64.Build.0 = Debug|Any CPU
		{CBBA289F-8E61-4FEA-8191-2794402C1333}.Debug|x86.ActiveCfg = Debug|Any CPU
		{CBBA289F-8E61-4FEA-8191-2794402C1333}.Debug|x86.Build.0 = Debug|Any CPU
		{CBBA289F-8E61-4FEA-8191-2794402C1333}.Release|Any CPU.ActiveCfg = Release|Any CPU
		{CBBA289F-8E61-4FEA-8191-2794402C1333}.Release|Any CPU.Build.0 = Release|Any CPU
		{CBBA289F-8E61-4FEA-8191-2794402C1333}.Release|x64.ActiveCfg = Release|Any CPU
		{CBBA289F-8E61-4FEA-8191-2794402C1333}.Release|x64.Build.0 = Release|Any CPU
		{CBBA289F-8E61-4FEA-8191-2794402C1333}.Release|x86.ActiveCfg = Release|Any CPU
		{CBBA289F-8E61-4FEA-8191-2794402C1333}.Release|x86.Build.0 = Release|Any CPU
		{93E6FBF2-3FC7-4770-9DDE-175025B5AA2C}.Debug|Any CPU.ActiveCfg = Debug|Any CPU
		{93E6FBF2-3FC7-4770-9DDE-175025B5AA2C}.Debug|Any CPU.Build.0 = Debug|Any CPU
		{93E6FBF2-3FC7-4770-9DDE-175025B5AA2C}.Debug|x64.ActiveCfg = Debug|Any CPU
		{93E6FBF2-3FC7-4770-9DDE-175025B5AA2C}.Debug|x64.Build.0 = Debug|Any CPU
		{93E6FBF2-3FC7-4770-9DDE-175025B5AA2C}.Debug|x86.ActiveCfg = Debug|Any CPU
		{93E6FBF2-3FC7-4770-9DDE-175025B5AA2C}.Debug|x86.Build.0 = Debug|Any CPU
		{93E6FBF2-3FC7-4770-9DDE-175025B5AA2C}.Release|Any CPU.ActiveCfg = Release|Any CPU
		{93E6FBF2-3FC7-4770-9DDE-175025B5AA2C}.Release|Any CPU.Build.0 = Release|Any CPU
		{93E6FBF2-3FC7-4770-9DDE-175025B5AA2C}.Release|x64.ActiveCfg = Release|Any CPU
		{93E6FBF2-3FC7-4770-9DDE-175025B5AA2C}.Release|x64.Build.0 = Release|Any CPU
		{93E6FBF2-3FC7-4770-9DDE-175025B5AA2C}.Release|x86.ActiveCfg = Release|Any CPU
		{93E6FBF2-3FC7-4770-9DDE-175025B5AA2C}.Release|x86.Build.0 = Release|Any CPU
		{E53A4D07-C345-4C92-B1B6-F0E72BA7262E}.Debug|Any CPU.ActiveCfg = Debug|Win32
		{E53A4D07-C345-4C92-B1B6-F0E72BA7262E}.Debug|x64.ActiveCfg = Debug|x64
		{E53A4D07-C345-4C92-B1B6-F0E72BA7262E}.Debug|x64.Build.0 = Debug|x64
		{E53A4D07-C345-4C92-B1B6-F0E72BA7262E}.Debug|x86.ActiveCfg = Debug|Win32
		{E53A4D07-C345-4C92-B1B6-F0E72BA7262E}.Debug|x86.Build.0 = Debug|Win32
		{E53A4D07-C345-4C92-B1B6-F0E72BA7262E}.Release|Any CPU.ActiveCfg = Release|Win32
		{E53A4D07-C345-4C92-B1B6-F0E72BA7262E}.Release|x64.ActiveCfg = Release|x64
		{E53A4D07-C345-4C92-B1B6-F0E72BA7262E}.Release|x64.Build.0 = Release|x64
		{E53A4D07-C345-4C92-B1B6-F0E72BA7262E}.Release|x86.ActiveCfg = Release|Win32
		{E53A4D07-C345-4C92-B1B6-F0E72BA7262E}.Release|x86.Build.0 = Release|Win32
		{17758936-6BBB-4BB3-BF4B-F75C5033A179}.Debug|Any CPU.ActiveCfg = Debug|Any CPU
		{17758936-6BBB-4BB3-BF4B-F75C5033A179}.Debug|Any CPU.Build.0 = Debug|Any CPU
		{17758936-6BBB-4BB3-BF4B-F75C5033A179}.Debug|x64.ActiveCfg = Debug|Any CPU
		{17758936-6BBB-4BB3-BF4B-F75C5033A179}.Debug|x64.Build.0 = Debug|Any CPU
		{17758936-6BBB-4BB3-BF4B-F75C5033A179}.Debug|x86.ActiveCfg = Debug|Any CPU
		{17758936-6BBB-4BB3-BF4B-F75C5033A179}.Debug|x86.Build.0 = Debug|Any CPU
		{17758936-6BBB-4BB3-BF4B-F75C5033A179}.Release|Any CPU.ActiveCfg = Release|Any CPU
		{17758936-6BBB-4BB3-BF4B-F75C5033A179}.Release|Any CPU.Build.0 = Release|Any CPU
		{17758936-6BBB-4BB3-BF4B-F75C5033A179}.Release|x64.ActiveCfg = Release|Any CPU
		{17758936-6BBB-4BB3-BF4B-F75C5033A179}.Release|x64.Build.0 = Release|Any CPU
		{17758936-6BBB-4BB3-BF4B-F75C5033A179}.Release|x86.ActiveCfg = Release|Any CPU
		{17758936-6BBB-4BB3-BF4B-F75C5033A179}.Release|x86.Build.0 = Release|Any CPU
		{D8A020B8-47C8-40A7-93C5-A9CCAF296A0C}.Debug|Any CPU.ActiveCfg = Debug|Any CPU
		{D8A020B8-47C8-40A7-93C5-A9CCAF296A0C}.Debug|Any CPU.Build.0 = Debug|Any CPU
		{D8A020B8-47C8-40A7-93C5-A9CCAF296A0C}.Debug|x64.ActiveCfg = Debug|Any CPU
		{D8A020B8-47C8-40A7-93C5-A9CCAF296A0C}.Debug|x64.Build.0 = Debug|Any CPU
		{D8A020B8-47C8-40A7-93C5-A9CCAF296A0C}.Debug|x86.ActiveCfg = Debug|Any CPU
		{D8A020B8-47C8-40A7-93C5-A9CCAF296A0C}.Debug|x86.Build.0 = Debug|Any CPU
		{D8A020B8-47C8-40A7-93C5-A9CCAF296A0C}.Release|Any CPU.ActiveCfg = Release|Any CPU
		{D8A020B8-47C8-40A7-93C5-A9CCAF296A0C}.Release|Any CPU.Build.0 = Release|Any CPU
		{D8A020B8-47C8-40A7-93C5-A9CCAF296A0C}.Release|x64.ActiveCfg = Release|Any CPU
		{D8A020B8-47C8-40A7-93C5-A9CCAF296A0C}.Release|x64.Build.0 = Release|Any CPU
		{D8A020B8-47C8-40A7-93C5-A9CCAF296A0C}.Release|x86.ActiveCfg = Release|Any CPU
		{D8A020B8-47C8-40A7-93C5-A9CCAF296A0C}.Release|x86.Build.0 = Release|Any CPU
		{F511559D-4ED3-4B3F-9CFF-7AA7ED2B91F9}.Debug|Any CPU.ActiveCfg = Debug|Any CPU
		{F511559D-4ED3-4B3F-9CFF-7AA7ED2B91F9}.Debug|Any CPU.Build.0 = Debug|Any CPU
		{F511559D-4ED3-4B3F-9CFF-7AA7ED2B91F9}.Debug|x64.ActiveCfg = Debug|Any CPU
		{F511559D-4ED3-4B3F-9CFF-7AA7ED2B91F9}.Debug|x64.Build.0 = Debug|Any CPU
		{F511559D-4ED3-4B3F-9CFF-7AA7ED2B91F9}.Debug|x86.ActiveCfg = Debug|Any CPU
		{F511559D-4ED3-4B3F-9CFF-7AA7ED2B91F9}.Debug|x86.Build.0 = Debug|Any CPU
		{F511559D-4ED3-4B3F-9CFF-7AA7ED2B91F9}.Release|Any CPU.ActiveCfg = Release|Any CPU
		{F511559D-4ED3-4B3F-9CFF-7AA7ED2B91F9}.Release|Any CPU.Build.0 = Release|Any CPU
		{F511559D-4ED3-4B3F-9CFF-7AA7ED2B91F9}.Release|x64.ActiveCfg = Release|Any CPU
		{F511559D-4ED3-4B3F-9CFF-7AA7ED2B91F9}.Release|x64.Build.0 = Release|Any CPU
		{F511559D-4ED3-4B3F-9CFF-7AA7ED2B91F9}.Release|x86.ActiveCfg = Release|Any CPU
		{F511559D-4ED3-4B3F-9CFF-7AA7ED2B91F9}.Release|x86.Build.0 = Release|Any CPU
		{EF24C232-0E80-47D3-A976-2378F04EFDE2}.Debug|Any CPU.ActiveCfg = Debug|Any CPU
		{EF24C232-0E80-47D3-A976-2378F04EFDE2}.Debug|Any CPU.Build.0 = Debug|Any CPU
		{EF24C232-0E80-47D3-A976-2378F04EFDE2}.Debug|x64.ActiveCfg = Debug|Any CPU
		{EF24C232-0E80-47D3-A976-2378F04EFDE2}.Debug|x64.Build.0 = Debug|Any CPU
		{EF24C232-0E80-47D3-A976-2378F04EFDE2}.Debug|x86.ActiveCfg = Debug|Any CPU
		{EF24C232-0E80-47D3-A976-2378F04EFDE2}.Debug|x86.Build.0 = Debug|Any CPU
		{EF24C232-0E80-47D3-A976-2378F04EFDE2}.Release|Any CPU.ActiveCfg = Release|Any CPU
		{EF24C232-0E80-47D3-A976-2378F04EFDE2}.Release|Any CPU.Build.0 = Release|Any CPU
		{EF24C232-0E80-47D3-A976-2378F04EFDE2}.Release|x64.ActiveCfg = Release|Any CPU
		{EF24C232-0E80-47D3-A976-2378F04EFDE2}.Release|x64.Build.0 = Release|Any CPU
		{EF24C232-0E80-47D3-A976-2378F04EFDE2}.Release|x86.ActiveCfg = Release|Any CPU
		{EF24C232-0E80-47D3-A976-2378F04EFDE2}.Release|x86.Build.0 = Release|Any CPU
		{B016686F-E4E3-49C8-8A17-C180A473A89F}.Debug|Any CPU.ActiveCfg = Debug|Any CPU
		{B016686F-E4E3-49C8-8A17-C180A473A89F}.Debug|Any CPU.Build.0 = Debug|Any CPU
		{B016686F-E4E3-49C8-8A17-C180A473A89F}.Debug|x64.ActiveCfg = Debug|Any CPU
		{B016686F-E4E3-49C8-8A17-C180A473A89F}.Debug|x64.Build.0 = Debug|Any CPU
		{B016686F-E4E3-49C8-8A17-C180A473A89F}.Debug|x86.ActiveCfg = Debug|Any CPU
		{B016686F-E4E3-49C8-8A17-C180A473A89F}.Debug|x86.Build.0 = Debug|Any CPU
		{B016686F-E4E3-49C8-8A17-C180A473A89F}.Release|Any CPU.ActiveCfg = Release|Any CPU
		{B016686F-E4E3-49C8-8A17-C180A473A89F}.Release|Any CPU.Build.0 = Release|Any CPU
		{B016686F-E4E3-49C8-8A17-C180A473A89F}.Release|x64.ActiveCfg = Release|Any CPU
		{B016686F-E4E3-49C8-8A17-C180A473A89F}.Release|x64.Build.0 = Release|Any CPU
		{B016686F-E4E3-49C8-8A17-C180A473A89F}.Release|x86.ActiveCfg = Release|Any CPU
		{B016686F-E4E3-49C8-8A17-C180A473A89F}.Release|x86.Build.0 = Release|Any CPU
		{E7D0284C-2611-4FD3-8F67-5E9C29CB4FC0}.Debug|Any CPU.ActiveCfg = Debug|Any CPU
		{E7D0284C-2611-4FD3-8F67-5E9C29CB4FC0}.Debug|Any CPU.Build.0 = Debug|Any CPU
		{E7D0284C-2611-4FD3-8F67-5E9C29CB4FC0}.Debug|x64.ActiveCfg = Debug|Any CPU
		{E7D0284C-2611-4FD3-8F67-5E9C29CB4FC0}.Debug|x64.Build.0 = Debug|Any CPU
		{E7D0284C-2611-4FD3-8F67-5E9C29CB4FC0}.Debug|x86.ActiveCfg = Debug|Any CPU
		{E7D0284C-2611-4FD3-8F67-5E9C29CB4FC0}.Debug|x86.Build.0 = Debug|Any CPU
		{E7D0284C-2611-4FD3-8F67-5E9C29CB4FC0}.Release|Any CPU.ActiveCfg = Release|Any CPU
		{E7D0284C-2611-4FD3-8F67-5E9C29CB4FC0}.Release|Any CPU.Build.0 = Release|Any CPU
		{E7D0284C-2611-4FD3-8F67-5E9C29CB4FC0}.Release|x64.ActiveCfg = Release|Any CPU
		{E7D0284C-2611-4FD3-8F67-5E9C29CB4FC0}.Release|x64.Build.0 = Release|Any CPU
		{E7D0284C-2611-4FD3-8F67-5E9C29CB4FC0}.Release|x86.ActiveCfg = Release|Any CPU
		{E7D0284C-2611-4FD3-8F67-5E9C29CB4FC0}.Release|x86.Build.0 = Release|Any CPU
		{6ED803CE-DC8D-4EA6-871F-5061F1B6E192}.Debug|Any CPU.ActiveCfg = Debug|Any CPU
		{6ED803CE-DC8D-4EA6-871F-5061F1B6E192}.Debug|Any CPU.Build.0 = Debug|Any CPU
		{6ED803CE-DC8D-4EA6-871F-5061F1B6E192}.Debug|x64.ActiveCfg = Debug|Any CPU
		{6ED803CE-DC8D-4EA6-871F-5061F1B6E192}.Debug|x64.Build.0 = Debug|Any CPU
		{6ED803CE-DC8D-4EA6-871F-5061F1B6E192}.Debug|x86.ActiveCfg = Debug|Any CPU
		{6ED803CE-DC8D-4EA6-871F-5061F1B6E192}.Debug|x86.Build.0 = Debug|Any CPU
		{6ED803CE-DC8D-4EA6-871F-5061F1B6E192}.Release|Any CPU.ActiveCfg = Release|Any CPU
		{6ED803CE-DC8D-4EA6-871F-5061F1B6E192}.Release|Any CPU.Build.0 = Release|Any CPU
		{6ED803CE-DC8D-4EA6-871F-5061F1B6E192}.Release|x64.ActiveCfg = Release|Any CPU
		{6ED803CE-DC8D-4EA6-871F-5061F1B6E192}.Release|x64.Build.0 = Release|Any CPU
		{6ED803CE-DC8D-4EA6-871F-5061F1B6E192}.Release|x86.ActiveCfg = Release|Any CPU
		{6ED803CE-DC8D-4EA6-871F-5061F1B6E192}.Release|x86.Build.0 = Release|Any CPU
		{E53EF2C0-4925-4390-B232-67B08BBC734E}.Debug|Any CPU.ActiveCfg = Debug|Any CPU
		{E53EF2C0-4925-4390-B232-67B08BBC734E}.Debug|Any CPU.Build.0 = Debug|Any CPU
		{E53EF2C0-4925-4390-B232-67B08BBC734E}.Debug|x64.ActiveCfg = Debug|Any CPU
		{E53EF2C0-4925-4390-B232-67B08BBC734E}.Debug|x64.Build.0 = Debug|Any CPU
		{E53EF2C0-4925-4390-B232-67B08BBC734E}.Debug|x86.ActiveCfg = Debug|Any CPU
		{E53EF2C0-4925-4390-B232-67B08BBC734E}.Debug|x86.Build.0 = Debug|Any CPU
		{E53EF2C0-4925-4390-B232-67B08BBC734E}.Release|Any CPU.ActiveCfg = Release|Any CPU
		{E53EF2C0-4925-4390-B232-67B08BBC734E}.Release|Any CPU.Build.0 = Release|Any CPU
		{E53EF2C0-4925-4390-B232-67B08BBC734E}.Release|x64.ActiveCfg = Release|Any CPU
		{E53EF2C0-4925-4390-B232-67B08BBC734E}.Release|x64.Build.0 = Release|Any CPU
		{E53EF2C0-4925-4390-B232-67B08BBC734E}.Release|x86.ActiveCfg = Release|Any CPU
		{E53EF2C0-4925-4390-B232-67B08BBC734E}.Release|x86.Build.0 = Release|Any CPU
	EndGlobalSection
	GlobalSection(SolutionProperties) = preSolution
		HideSolutionNode = FALSE
	EndGlobalSection
	GlobalSection(ExtensibilityGlobals) = postSolution
		SolutionGuid = {865DAD1E-AF9A-4000-BF74-465B2DA26804}
	EndGlobalSection
EndGlobal
